# THIS IS AN AUTOGENERATED FILE. DO NOT EDIT THIS FILE DIRECTLY.
# yarn lockfile v1


"@babel/runtime@^7.1.2":
  version "7.2.0"
  resolved "https://registry.yarnpkg.com/@babel/runtime/-/runtime-7.2.0.tgz#b03e42eeddf5898e00646e4c840fa07ba8dcad7f"
  integrity sha512-oouEibCbHMVdZSDlJBO6bZmID/zA/G/Qx3H1d3rSNPTD+L8UNKvCat7aKWSJ74zYbm5zWGh0GQN0hKj8zYFTCg==
  dependencies:
    regenerator-runtime "^0.12.0"

"@helsenorge/toolkit@^1.8.12":
  version "1.8.12"
  resolved "https://tfs.ehelse.no/Ehelse/_packaging/Helsenorge/npm/registry/@helsenorge/toolkit/-/toolkit-1.8.12.tgz#37d7d844e95ba7dd954d5c571e5c4fac38ac4d52"
  integrity sha1-N9fYROlbp92VTVxXHlxPrDisTVI=
  dependencies:
    applicationinsights-js "^1.0.20"
    jquery "^3.1.1"
    react-addons-shallow-compare "^15.6.2"
    react-dropzone "4.1.3"
    react-router-dom "4.3.1"
    react-widgets "^4.0.3"
    uuid "^3.3.2"

"@types/chai@^3.5.2":
  version "3.5.2"
  resolved "https://registry.yarnpkg.com/@types/chai/-/chai-3.5.2.tgz#c11cd2817d3a401b7ba0f5a420f35c56139b1c1e"
  integrity sha1-wRzSgX06QBt7oPWkIPNcVhObHB4=

"@types/history@*":
  version "4.7.2"
  resolved "https://registry.yarnpkg.com/@types/history/-/history-4.7.2.tgz#0e670ea254d559241b6eeb3894f8754991e73220"
  integrity sha512-ui3WwXmjTaY73fOQ3/m3nnajU/Orhi6cEu5rzX+BrAAJxa3eITXZ5ch9suPqtM03OWhAHhPSyBGCN4UKoxO20Q==

"@types/marked@^0.3.0":
  version "0.3.0"
  resolved "https://registry.yarnpkg.com/@types/marked/-/marked-0.3.0.tgz#583c223dd33385a1dda01aaf77b0cd0411c4b524"
  integrity sha512-CSf9YWJdX1DkTNu9zcNtdCcn6hkRtB5ILjbhRId4ZOQqx30fXmdecuaXhugQL6eyrhuXtaHJ7PHI+Vm7k9ZJjg==

"@types/node@*":
  version "10.12.15"
  resolved "https://registry.yarnpkg.com/@types/node/-/node-10.12.15.tgz#20e85651b62fd86656e57c9c9bc771ab1570bc59"
  integrity sha512-9kROxduaN98QghwwHmxXO2Xz3MaWf+I1sLVAA6KJDF5xix+IyXVhds0MAfdNwtcpSrzhaTsNB0/jnL86fgUhqA==

"@types/prop-types@*":
  version "15.5.8"
  resolved "https://registry.yarnpkg.com/@types/prop-types/-/prop-types-15.5.8.tgz#8ae4e0ea205fe95c3901a5a1df7f66495e3a56ce"
  integrity sha512-3AQoUxQcQtLHsK25wtTWIoIpgYjH3vSDroZOUr7PpCHw/jLY1RB9z9E8dBT/OSmwStVgkRNvdh+ZHNiomRieaw==

"@types/react-redux@5.0.7":
  version "5.0.7"
  resolved "https://registry.yarnpkg.com/@types/react-redux/-/react-redux-5.0.7.tgz#01a5181ff6757724a4b59c13852ee6c49f65c101"
  integrity sha512-2lZLNPU5FiKIJwa7EXeOdyCg7pA9o6DCaGQ/9sJxVgZINIOQDDWXoQz2rVdsrHixOi/wK6hfja/oeCKLtbjofA==
  dependencies:
    "@types/react" "*"
    redux "^3.6.0"

"@types/react-router-dom@4.0.7":
  version "4.0.7"
  resolved "https://registry.yarnpkg.com/@types/react-router-dom/-/react-router-dom-4.0.7.tgz#65b192f7a5dbd1c05a8d04cc5863c9775705a435"
  integrity sha512-U0MRf2YP/Bf23jKc+9rh9Ugn2JuAGUFfgMGnaHlL5iX7m8VvE5Mt+vuHikR10nysduEUg1Etc8xwBcLEh7E3rw==
  dependencies:
    "@types/history" "*"
    "@types/react" "*"
    "@types/react-router" "*"

"@types/react-router@*":
  version "4.4.3"
  resolved "https://registry.yarnpkg.com/@types/react-router/-/react-router-4.4.3.tgz#ea68b4021cb576866f83365b2201411537423d50"
  integrity sha512-8GmjakEBFNCLJbpg9jtDp1EDvFP0VkIPPKBpVwmB3Q+9whFoHu8rluMUXUE5SoGkEQvVOtgJzWmUsJojNpFMQQ==
  dependencies:
    "@types/history" "*"
    "@types/react" "*"

"@types/react@*":
  version "16.7.17"
  resolved "https://registry.yarnpkg.com/@types/react/-/react-16.7.17.tgz#3242e796a1ffbba4f49eae5915a67f4c079504e9"
  integrity sha512-YcXcaoXaxo7A76mBCGlKlN2aZu3REQfF0DTrhiyXVJLA7PDdxVCr+wiQOrkVNn44D/zLlIyDSn3U918Ve0AaEA==
  dependencies:
    "@types/prop-types" "*"
    csstype "^2.2.0"

"@types/redux-mock-store@0.0.7":
  version "0.0.7"
  resolved "https://registry.yarnpkg.com/@types/redux-mock-store/-/redux-mock-store-0.0.7.tgz#f7b46af371da4b6ef491e57e107d326f0a832201"
  integrity sha1-97Rq83HaS270keV+EH0ybwqDIgE=
  dependencies:
    redux "^3.6.0"

"@types/uuid@^2.0.29":
  version "2.0.30"
  resolved "https://registry.yarnpkg.com/@types/uuid/-/uuid-2.0.30.tgz#4dca12da43ae530f89f46d6d203935d2199652d5"
  integrity sha512-nmSJ0AL2mZAi68dYb7nKSIJ9YiM68eToP3Ugz66Ou7qkSatIptDM6CvOUmj4epMKWvO9gr9fFBxEEJkromp1Qg==
  dependencies:
    "@types/node" "*"

ansi-styles@^3.2.1:
  version "3.2.1"
  resolved "https://registry.yarnpkg.com/ansi-styles/-/ansi-styles-3.2.1.tgz#41fbb20243e50b12be0f04b8dedbf07520ce841d"
  integrity sha512-VT0ZI6kZRdTh8YyJw3SMbYm/u+NqfsAxEpWO0Pf9sq8/e94WxxOpPKx9FR1FlyCtOVDNOQ+8ntlqFxiRc+r5qA==
  dependencies:
    color-convert "^1.9.0"

applicationinsights-js@^1.0.20:
  version "1.0.20"
  resolved "https://registry.yarnpkg.com/applicationinsights-js/-/applicationinsights-js-1.0.20.tgz#e0519a2c043e9b4683d32d327a06c3f18c63d5ca"
  integrity sha512-vN6fEv2fNPZtw76/mv5OJ44cTP/VzSDahdXVIGnRB5Apnf2/9PIl4IyWpwS9biG53I1sWvkw83RjdrAnsIKoRQ==

argparse@^1.0.7:
  version "1.0.10"
  resolved "https://registry.yarnpkg.com/argparse/-/argparse-1.0.10.tgz#bcd6791ea5ae09725e17e5ad988134cd40b3d911"
  integrity sha512-o5Roy6tNG4SL/FOkCAN6RzjiakZS25RLYFrcMttJqbdd8BWrnA+fGz57iN5Pb06pvBGvl5gQ0B48dJlslXvoTg==
  dependencies:
    sprintf-js "~1.0.2"

asap@~2.0.3:
  version "2.0.6"
  resolved "https://registry.yarnpkg.com/asap/-/asap-2.0.6.tgz#e50347611d7e690943208bbdafebcbc2fb866d46"
  integrity sha1-5QNHYR1+aQlDIIu9r+vLwvuGbUY=

assertion-error@^1.0.1:
  version "1.1.0"
  resolved "https://registry.yarnpkg.com/assertion-error/-/assertion-error-1.1.0.tgz#e60b6b0e8f301bd97e5375215bda406c85118c0b"
  integrity sha512-jgsaNduz+ndvGyFt3uSuWqvy4lCnIJiovtouQN5JZHOKCS2QuhEdbcQHFhVksz2N2U9hXJo8odG7ETyWlEeuDw==

attr-accept@^1.0.3:
  version "1.1.3"
  resolved "https://registry.yarnpkg.com/attr-accept/-/attr-accept-1.1.3.tgz#48230c79f93790ef2775fcec4f0db0f5db41ca52"
  integrity sha512-iT40nudw8zmCweivz6j58g+RT33I4KbaIvRUhjNmDwO2WmsQUxFEZZYZ5w3vXe5x5MX9D7mfvA/XaLOZYFR9EQ==
  dependencies:
    core-js "^2.5.0"

builtin-modules@^1.0.0:
  version "1.1.1"
  resolved "https://registry.yarnpkg.com/builtin-modules/-/builtin-modules-1.1.1.tgz#270f076c5a72c02f5b65a47df94c5fe3a278892f"
  integrity sha1-Jw8HbFpywC9bZaR9+Uxf46J4iS8=

caller-callsite@^2.0.0:
  version "2.0.0"
  resolved "https://registry.yarnpkg.com/caller-callsite/-/caller-callsite-2.0.0.tgz#847e0fce0a223750a9a027c54b33731ad3154134"
  integrity sha1-hH4PzgoiN1CpoCfFSzNzGtMVQTQ=
  dependencies:
    callsites "^2.0.0"

caller-path@^2.0.0:
  version "2.0.0"
  resolved "https://registry.yarnpkg.com/caller-path/-/caller-path-2.0.0.tgz#468f83044e369ab2010fac5f06ceee15bb2cb1f4"
  integrity sha1-Ro+DBE42mrIBD6xfBs7uFbsssfQ=
  dependencies:
    caller-callsite "^2.0.0"

callsites@^2.0.0:
  version "2.0.0"
  resolved "https://registry.yarnpkg.com/callsites/-/callsites-2.0.0.tgz#06eb84f00eea413da86affefacbffb36093b3c50"
  integrity sha1-BuuE8A7qQT2oav/vrL/7Ngk7PFA=

chai@^3.5.0:
  version "3.5.0"
  resolved "https://registry.yarnpkg.com/chai/-/chai-3.5.0.tgz#4d02637b067fe958bdbfdd3a40ec56fef7373247"
  integrity sha1-TQJjewZ/6Vi9v906QOxW/vc3Mkc=
  dependencies:
    assertion-error "^1.0.1"
    deep-eql "^0.1.3"
    type-detect "^1.0.0"

chalk@^2.3.0:
  version "2.4.1"
  resolved "https://registry.yarnpkg.com/chalk/-/chalk-2.4.1.tgz#18c49ab16a037b6eb0152cc83e3471338215b66e"
  integrity sha512-ObN6h1v2fTJSmUXoS3nMQ92LbDK9be4TV+6G+omQlGJFdcUX5heKi1LZ1YnRMIgwTLEj3E24bT6tYni50rlCfQ==
  dependencies:
    ansi-styles "^3.2.1"
    escape-string-regexp "^1.0.5"
    supports-color "^5.3.0"

ci-info@^1.5.0:
  version "1.6.0"
  resolved "https://registry.yarnpkg.com/ci-info/-/ci-info-1.6.0.tgz#2ca20dbb9ceb32d4524a683303313f0304b1e497"
  integrity sha512-vsGdkwSCDpWmP80ncATX7iea5DWQemg1UgCW5J8tqjU3lYw4FBYuj89J0CTVomA7BEfvSZd84GmHko+MxFQU2A==

classnames@^2.2.6:
  version "2.2.6"
  resolved "https://registry.yarnpkg.com/classnames/-/classnames-2.2.6.tgz#43935bffdd291f326dad0a205309b38d00f650ce"
  integrity sha512-JR/iSQOSt+LQIWwrwEzJ9uk0xfN3mTVYMwt1Ir5mUcSN6pU+V4zQFFaJsclJbPuAUQH+yfWef6tm7l1quW3C8Q==

color-convert@^1.9.0:
  version "1.9.3"
  resolved "https://registry.yarnpkg.com/color-convert/-/color-convert-1.9.3.tgz#bb71850690e1f136567de629d2d5471deda4c1e8"
  integrity sha512-QfAUtd+vFdAtFQcC8CCyYt1fYWxSqAiK2cSD6zDB8N3cpsEBAvRxp9zOGg6G/SHHJYAT88/az/IuDGALsNVbGg==
  dependencies:
    color-name "1.1.3"

color-name@1.1.3:
  version "1.1.3"
  resolved "https://registry.yarnpkg.com/color-name/-/color-name-1.1.3.tgz#a7d0558bd89c42f795dd42328f740831ca53bc25"
  integrity sha1-p9BVi9icQveV3UIyj3QIMcpTvCU=

core-js@^1.0.0:
  version "1.2.7"
  resolved "https://registry.yarnpkg.com/core-js/-/core-js-1.2.7.tgz#652294c14651db28fa93bd2d5ff2983a4f08c636"
  integrity sha1-ZSKUwUZR2yj6k70tX/KYOk8IxjY=

core-js@^2.5.0:
  version "2.6.0"
  resolved "https://registry.yarnpkg.com/core-js/-/core-js-2.6.0.tgz#1e30793e9ee5782b307e37ffa22da0eacddd84d4"
  integrity sha512-kLRC6ncVpuEW/1kwrOXYX6KQASCVtrh1gQr/UiaVgFlf9WE5Vp+lNe5+h3LuMr5PAucWnnEXwH0nQHRH/gpGtw==

cosmiconfig@^5.0.7:
  version "5.0.7"
  resolved "https://registry.yarnpkg.com/cosmiconfig/-/cosmiconfig-5.0.7.tgz#39826b292ee0d78eda137dfa3173bd1c21a43b04"
  integrity sha512-PcLqxTKiDmNT6pSpy4N6KtuPwb53W+2tzNvwOZw0WH9N6O0vLIBq0x8aj8Oj75ere4YcGi48bDFCL+3fRJdlNA==
  dependencies:
    import-fresh "^2.0.0"
    is-directory "^0.3.1"
    js-yaml "^3.9.0"
    parse-json "^4.0.0"

cross-spawn@^5.0.1:
  version "5.1.0"
  resolved "https://registry.yarnpkg.com/cross-spawn/-/cross-spawn-5.1.0.tgz#e8bd0efee58fcff6f8f94510a0a554bbfa235449"
  integrity sha1-6L0O/uWPz/b4+UUQoKVUu/ojVEk=
  dependencies:
    lru-cache "^4.0.1"
    shebang-command "^1.2.0"
    which "^1.2.9"

cross-spawn@^6.0.0:
  version "6.0.5"
  resolved "https://registry.yarnpkg.com/cross-spawn/-/cross-spawn-6.0.5.tgz#4a5ec7c64dfae22c3a14124dbacdee846d80cbc4"
  integrity sha512-eTVLrBSt7fjbDygz805pMnstIs2VTBNkRm0qxZd+M7A5XDdxVRWO5MxGBXZhjY4cqLYLdtrGqRf8mBPmzwSpWQ==
  dependencies:
    nice-try "^1.0.4"
    path-key "^2.0.1"
    semver "^5.5.0"
    shebang-command "^1.2.0"
    which "^1.2.9"

csstype@^2.2.0:
  version "2.5.8"
  resolved "https://registry.yarnpkg.com/csstype/-/csstype-2.5.8.tgz#4ce5aa16ea0d562ef9105fa3ae2676f199586a35"
  integrity sha512-r4DbsyNJ7slwBSKoGesxDubRWJ71ghG8W2+1HcsDlAo12KGca9dDLv0u98tfdFw7ldBdoA7XmCnI6Q8LpAJXaQ==

date-arithmetic@^3.1.0:
  version "3.1.0"
  resolved "https://registry.yarnpkg.com/date-arithmetic/-/date-arithmetic-3.1.0.tgz#1fcd03dbd504b9dbee2b9078c85a5f1c7d3cc2d3"
  integrity sha1-H80D29UEudvuK5B4yFpfHH08wtM=

deep-eql@^0.1.3:
  version "0.1.3"
  resolved "https://registry.yarnpkg.com/deep-eql/-/deep-eql-0.1.3.tgz#ef558acab8de25206cd713906d74e56930eb69f2"
  integrity sha1-71WKyrjeJSBs1xOQbXTlaTDrafI=
  dependencies:
    type-detect "0.1.1"

dom-helpers@^3.3.1:
  version "3.4.0"
  resolved "https://registry.yarnpkg.com/dom-helpers/-/dom-helpers-3.4.0.tgz#e9b369700f959f62ecde5a6babde4bccd9169af8"
  integrity sha512-LnuPJ+dwqKDIyotW1VzmOZ5TONUN7CwkCR5hrgawTUbkBGYdeoNLZo6nNfGkCrjtE1nXXaj7iMMpDa8/d9WoIA==
  dependencies:
    "@babel/runtime" "^7.1.2"

encoding@^0.1.11:
  version "0.1.12"
  resolved "https://registry.yarnpkg.com/encoding/-/encoding-0.1.12.tgz#538b66f3ee62cd1ab51ec323829d1f9480c74beb"
  integrity sha1-U4tm8+5izRq1HsMjgp0flIDHS+s=
  dependencies:
    iconv-lite "~0.4.13"

end-of-stream@^1.1.0:
  version "1.4.1"
  resolved "https://registry.yarnpkg.com/end-of-stream/-/end-of-stream-1.4.1.tgz#ed29634d19baba463b6ce6b80a37213eab71ec43"
  integrity sha512-1MkrZNvWTKCaigbn+W15elq2BB/L22nqrSY5DKlo3X6+vclJm8Bb5djXJBmEX6fS3+zCh/F4VBK5Z2KxJt4s2Q==
  dependencies:
    once "^1.4.0"

error-ex@^1.3.1:
  version "1.3.2"
  resolved "https://registry.yarnpkg.com/error-ex/-/error-ex-1.3.2.tgz#b4ac40648107fdcdcfae242f428bea8a14d4f1bf"
  integrity sha512-7dFHNmqeFSEt2ZBsCriorKnn3Z2pj+fd9kmI6QoWw4//DL+icEBfc0U7qJCisqrTsKTjw4fNFy2pW9OqStD84g==
  dependencies:
    is-arrayish "^0.2.1"

escape-string-regexp@^1.0.5:
  version "1.0.5"
  resolved "https://registry.yarnpkg.com/escape-string-regexp/-/escape-string-regexp-1.0.5.tgz#1b61c0562190a8dff6ae3bb2cf0200ca130b86d4"
  integrity sha1-G2HAViGQqN/2rjuyzwIAyhMLhtQ=

esprima@^4.0.0:
  version "4.0.1"
  resolved "https://registry.yarnpkg.com/esprima/-/esprima-4.0.1.tgz#13b04cdb3e6c5d19df91ab6987a8695619b0aa71"
  integrity sha512-eGuFFw7Upda+g4p+QHvnW0RyTX/SVeJBDM/gCtMARO0cLuT2HcEKnTPvhjV6aGeqrCB/sbNop0Kszm0jsaWU4A==

execa@^0.8.0:
  version "0.8.0"
  resolved "https://registry.yarnpkg.com/execa/-/execa-0.8.0.tgz#d8d76bbc1b55217ed190fd6dd49d3c774ecfc8da"
  integrity sha1-2NdrvBtVIX7RkP1t1J08d07PyNo=
  dependencies:
    cross-spawn "^5.0.1"
    get-stream "^3.0.0"
    is-stream "^1.1.0"
    npm-run-path "^2.0.0"
    p-finally "^1.0.0"
    signal-exit "^3.0.0"
    strip-eof "^1.0.0"

execa@^1.0.0:
  version "1.0.0"
  resolved "https://registry.yarnpkg.com/execa/-/execa-1.0.0.tgz#c6236a5bb4df6d6f15e88e7f017798216749ddd8"
  integrity sha512-adbxcyWV46qiHyvSp50TKt05tB4tK3HcmF7/nxfAdhnox83seTDbwnaqKO4sXRy7roHAIFqJP/Rw/AuEbX61LA==
  dependencies:
    cross-spawn "^6.0.0"
    get-stream "^4.0.0"
    is-stream "^1.1.0"
    npm-run-path "^2.0.0"
    p-finally "^1.0.0"
    signal-exit "^3.0.0"
    strip-eof "^1.0.0"

fbjs@^0.8.4:
  version "0.8.17"
  resolved "https://registry.yarnpkg.com/fbjs/-/fbjs-0.8.17.tgz#c4d598ead6949112653d6588b01a5cdcd9f90fdd"
  integrity sha1-xNWY6taUkRJlPWWIsBpc3Nn5D90=
  dependencies:
    core-js "^1.0.0"
    isomorphic-fetch "^2.1.1"
    loose-envify "^1.0.0"
    object-assign "^4.1.0"
    promise "^7.1.1"
    setimmediate "^1.0.5"
    ua-parser-js "^0.7.18"

find-up@^2.1.0:
  version "2.1.0"
  resolved "https://registry.yarnpkg.com/find-up/-/find-up-2.1.0.tgz#45d1b7e506c717ddd482775a2b77920a3c0c57a7"
  integrity sha1-RdG35QbHF93UgndaK3eSCjwMV6c=
  dependencies:
    locate-path "^2.0.0"

find-up@^3.0.0:
  version "3.0.0"
  resolved "https://registry.yarnpkg.com/find-up/-/find-up-3.0.0.tgz#49169f1d7993430646da61ecc5ae355c21c97b73"
  integrity sha512-1yD6RmLI1XBfxugvORwlck6f75tYL+iR0jqwsOrOxMZyGYqUuDhJ0l4AXdO1iX/FTs9cBAMEk1gWSEx1kSbylg==
  dependencies:
    locate-path "^3.0.0"

get-stdin@^6.0.0:
  version "6.0.0"
  resolved "https://registry.yarnpkg.com/get-stdin/-/get-stdin-6.0.0.tgz#9e09bf712b360ab9225e812048f71fde9c89657b"
  integrity sha512-jp4tHawyV7+fkkSKyvjuLZswblUtz+SQKzSWnBbii16BuZksJlU1wuBYXY75r+duh/llF1ur6oNwi+2ZzjKZ7g==

get-stream@^3.0.0:
  version "3.0.0"
  resolved "https://registry.yarnpkg.com/get-stream/-/get-stream-3.0.0.tgz#8e943d1358dc37555054ecbe2edb05aa174ede14"
  integrity sha1-jpQ9E1jcN1VQVOy+LtsFqhdO3hQ=

get-stream@^4.0.0:
  version "4.1.0"
  resolved "https://registry.yarnpkg.com/get-stream/-/get-stream-4.1.0.tgz#c1b255575f3dc21d59bfc79cd3d2b46b1c3a54b5"
  integrity sha512-GMat4EJ5161kIy2HevLlr4luNjBgvmj413KaQA7jt4V8B4RDsfpHk7WQ9GVqfYyyx8OS/L66Kox+rJRNklLK7w==
  dependencies:
    pump "^3.0.0"

has-flag@^3.0.0:
  version "3.0.0"
  resolved "https://registry.yarnpkg.com/has-flag/-/has-flag-3.0.0.tgz#b5d454dc2199ae225699f3467e5a07f3b955bafd"
  integrity sha1-tdRU3CGZriJWmfNGfloH87lVuv0=

history@^4.7.2:
  version "4.7.2"
  resolved "https://registry.yarnpkg.com/history/-/history-4.7.2.tgz#22b5c7f31633c5b8021c7f4a8a954ac139ee8d5b"
  integrity sha512-1zkBRWW6XweO0NBcjiphtVJVsIQ+SXF29z9DVkceeaSLVMFXHool+fdCZD4spDCfZJCILPILc3bm7Bc+HRi0nA==
  dependencies:
    invariant "^2.2.1"
    loose-envify "^1.2.0"
    resolve-pathname "^2.2.0"
    value-equal "^0.4.0"
    warning "^3.0.0"

hoist-non-react-statics@^2.5.0:
  version "2.5.5"
  resolved "https://registry.yarnpkg.com/hoist-non-react-statics/-/hoist-non-react-statics-2.5.5.tgz#c5903cf409c0dfd908f388e619d86b9c1174cb47"
  integrity sha512-rqcy4pJo55FTTLWt+bU8ukscqHeE/e9KWvsOW2b/a3afxQZhwkQdT1rPPCJ0rYXdj4vNcasY8zHTH+jF/qStxw==

hoist-non-react-statics@^3.1.0:
  version "3.2.1"
  resolved "https://registry.yarnpkg.com/hoist-non-react-statics/-/hoist-non-react-statics-3.2.1.tgz#c09c0555c84b38a7ede6912b61efddafd6e75e1e"
  integrity sha512-TFsu3TV3YLY+zFTZDrN8L2DTFanObwmBLpWvJs1qfUuEQ5bTAdFcwfx2T/bsCXfM9QHSLvjfP+nihEl0yvozxw==
  dependencies:
    react-is "^16.3.2"

hosted-git-info@^2.1.4:
  version "2.7.1"
  resolved "https://registry.yarnpkg.com/hosted-git-info/-/hosted-git-info-2.7.1.tgz#97f236977bd6e125408930ff6de3eec6281ec047"
  integrity sha512-7T/BxH19zbcCTa8XkMlbK5lTo1WtgkFi3GvdWEyNuc4Vex7/9Dqbnpsf4JMydcfj9HCg4zUWFTL3Za6lapg5/w==

husky@^1.1.3:
  version "1.2.1"
  resolved "https://registry.yarnpkg.com/husky/-/husky-1.2.1.tgz#33628f7013e345c1790a4dbe4642ad047f772dee"
  integrity sha512-4Ylal3HWhnDvIszuiyLoVrSGI7QLg/ogkNCoHE34c+yZYzb9kBZNrlTOsdw92cGi3cJT8pPb6CdVfxFkLnc8Dg==
  dependencies:
    cosmiconfig "^5.0.7"
    execa "^1.0.0"
    find-up "^3.0.0"
    get-stdin "^6.0.0"
    is-ci "^1.2.1"
    pkg-dir "^3.0.0"
    please-upgrade-node "^3.1.1"
    read-pkg "^4.0.1"
    run-node "^1.0.0"
    slash "^2.0.0"

iconv-lite@~0.4.13:
  version "0.4.24"
  resolved "https://registry.yarnpkg.com/iconv-lite/-/iconv-lite-0.4.24.tgz#2022b4b25fbddc21d2f524974a474aafe733908b"
  integrity sha512-v3MXnZAcvnywkTUEZomIActle7RXXeedOR31wwl7VlyoXO4Qi9arvSenNQWne1TcRwhCL1HwLI21bEqdpj8/rA==
  dependencies:
    safer-buffer ">= 2.1.2 < 3"

ignore@^3.3.7:
  version "3.3.10"
  resolved "https://registry.yarnpkg.com/ignore/-/ignore-3.3.10.tgz#0a97fb876986e8081c631160f8f9f389157f0043"
  integrity sha512-Pgs951kaMm5GXP7MOvxERINe3gsaVjUWFm+UZPSq9xYriQAksyhg0csnS0KXSNRD5NmNdapXEpjxG49+AKh/ug==

import-fresh@^2.0.0:
  version "2.0.0"
  resolved "https://registry.yarnpkg.com/import-fresh/-/import-fresh-2.0.0.tgz#d81355c15612d386c61f9ddd3922d4304822a546"
  integrity sha1-2BNVwVYS04bGH53dOSLUMEgipUY=
  dependencies:
    caller-path "^2.0.0"
    resolve-from "^3.0.0"

invariant@^2.2.1, invariant@^2.2.4:
  version "2.2.4"
  resolved "https://registry.yarnpkg.com/invariant/-/invariant-2.2.4.tgz#610f3c92c9359ce1db616e538008d23ff35158e6"
  integrity sha512-phJfQVBuaJM5raOpJjSfkiD6BpbCE4Ns//LaXl6wGYtUBY83nWS6Rf9tXm2e8VaK60JEjYldbPif/A2B1C2gNA==
  dependencies:
    loose-envify "^1.0.0"

is-arrayish@^0.2.1:
  version "0.2.1"
  resolved "https://registry.yarnpkg.com/is-arrayish/-/is-arrayish-0.2.1.tgz#77c99840527aa8ecb1a8ba697b80645a7a926a9d"
  integrity sha1-d8mYQFJ6qOyxqLppe4BkWnqSap0=

is-builtin-module@^1.0.0:
  version "1.0.0"
  resolved "https://registry.yarnpkg.com/is-builtin-module/-/is-builtin-module-1.0.0.tgz#540572d34f7ac3119f8f76c30cbc1b1e037affbe"
  integrity sha1-VAVy0096wxGfj3bDDLwbHgN6/74=
  dependencies:
    builtin-modules "^1.0.0"

is-ci@^1.2.1:
  version "1.2.1"
  resolved "https://registry.yarnpkg.com/is-ci/-/is-ci-1.2.1.tgz#e3779c8ee17fccf428488f6e281187f2e632841c"
  integrity sha512-s6tfsaQaQi3JNciBH6shVqEDvhGut0SUXr31ag8Pd8BBbVVlcGfWhpPmEOoM6RJ5TFhbypvf5yyRw/VXW1IiWg==
  dependencies:
    ci-info "^1.5.0"

is-directory@^0.3.1:
  version "0.3.1"
  resolved "https://registry.yarnpkg.com/is-directory/-/is-directory-0.3.1.tgz#61339b6f2475fc772fd9c9d83f5c8575dc154ae1"
  integrity sha1-YTObbyR1/Hcv2cnYP1yFddwVSuE=

is-stream@^1.0.1, is-stream@^1.1.0:
  version "1.1.0"
  resolved "https://registry.yarnpkg.com/is-stream/-/is-stream-1.1.0.tgz#12d4a3dd4e68e0b79ceb8dbc84173ae80d91ca44"
  integrity sha1-EtSj3U5o4Lec6428hBc66A2RykQ=

isarray@0.0.1:
  version "0.0.1"
  resolved "https://registry.yarnpkg.com/isarray/-/isarray-0.0.1.tgz#8a18acfca9a8f4177e09abfc6038939b05d1eedf"
  integrity sha1-ihis/Kmo9Bd+Cav8YDiTmwXR7t8=

isexe@^2.0.0:
  version "2.0.0"
  resolved "https://registry.yarnpkg.com/isexe/-/isexe-2.0.0.tgz#e8fbf374dc556ff8947a10dcb0572d633f2cfa10"
  integrity sha1-6PvzdNxVb/iUehDcsFctYz8s+hA=

isomorphic-fetch@^2.1.1:
  version "2.2.1"
  resolved "https://registry.yarnpkg.com/isomorphic-fetch/-/isomorphic-fetch-2.2.1.tgz#611ae1acf14f5e81f729507472819fe9733558a9"
  integrity sha1-YRrhrPFPXoH3KVB0coGf6XM1WKk=
  dependencies:
    node-fetch "^1.0.1"
    whatwg-fetch ">=0.10.0"

jquery@^3.1.1:
  version "3.3.1"
  resolved "https://registry.yarnpkg.com/jquery/-/jquery-3.3.1.tgz#958ce29e81c9790f31be7792df5d4d95fc57fbca"
  integrity sha512-Ubldcmxp5np52/ENotGxlLe6aGMvmF4R8S6tZjsP6Knsaxd/xp3Zrh50cG93lR6nPXyUFwzN3ZSOQI0wRJNdGg==

"js-tokens@^3.0.0 || ^4.0.0":
  version "4.0.0"
  resolved "https://registry.yarnpkg.com/js-tokens/-/js-tokens-4.0.0.tgz#19203fb59991df98e3a287050d4647cdeaf32499"
  integrity sha512-RdJUflcE3cUzKiMqQgsCu06FPu9UdIJO0beYbPhHN4k6apgJtifcoCtT9bcxOpYBtpD2kCM6Sbzg4CausW/PKQ==

js-yaml@^3.9.0:
  version "3.12.0"
  resolved "https://registry.yarnpkg.com/js-yaml/-/js-yaml-3.12.0.tgz#eaed656ec8344f10f527c6bfa1b6e2244de167d1"
  integrity sha512-PIt2cnwmPfL4hKNwqeiuz4bKfnzHTBv6HyVgjahA6mPLwPDzjDWrplJBMjHUFxku/N3FlmrbyPclad+I+4mJ3A==
  dependencies:
    argparse "^1.0.7"
    esprima "^4.0.0"

json-parse-better-errors@^1.0.1:
  version "1.0.2"
  resolved "https://registry.yarnpkg.com/json-parse-better-errors/-/json-parse-better-errors-1.0.2.tgz#bb867cfb3450e69107c131d1c514bab3dc8bcaa9"
  integrity sha512-mrqyZKfX5EhL7hvqcV6WG1yYjnjeuYDzDhhcAAUrq8Po85NBQBJP+ZDUT75qZQ98IkUoBqdkExkukOU7Ts2wrw==

locate-path@^2.0.0:
  version "2.0.0"
  resolved "https://registry.yarnpkg.com/locate-path/-/locate-path-2.0.0.tgz#2b568b265eec944c6d9c0de9c3dbbbca0354cd8e"
  integrity sha1-K1aLJl7slExtnA3pw9u7ygNUzY4=
  dependencies:
    p-locate "^2.0.0"
    path-exists "^3.0.0"

locate-path@^3.0.0:
  version "3.0.0"
  resolved "https://registry.yarnpkg.com/locate-path/-/locate-path-3.0.0.tgz#dbec3b3ab759758071b58fe59fc41871af21400e"
  integrity sha512-7AO748wWnIhNqAuaty2ZWHkQHRSNfPVIsPIfwEOWO22AmaoVrWavlOcMR5nzTLNYvp36X220/maaRsrec1G65A==
  dependencies:
    p-locate "^3.0.0"
    path-exists "^3.0.0"

lodash-es@^4.2.1:
  version "4.17.11"
  resolved "https://registry.yarnpkg.com/lodash-es/-/lodash-es-4.17.11.tgz#145ab4a7ac5c5e52a3531fb4f310255a152b4be0"
  integrity sha512-DHb1ub+rMjjrxqlB3H56/6MXtm1lSksDp2rA2cNWjG8mlDUYFhUj3Di2Zn5IwSU87xLv8tNIQ7sSwE/YOX/D/Q==

lodash.isplainobject@^4.0.6:
  version "4.0.6"
  resolved "https://registry.yarnpkg.com/lodash.isplainobject/-/lodash.isplainobject-4.0.6.tgz#7c526a52d89b45c45cc690b88163be0497f550cb"
  integrity sha1-fFJqUtibRcRcxpC4gWO+BJf1UMs=

lodash@^4.2.1:
  version "4.17.11"
  resolved "https://registry.yarnpkg.com/lodash/-/lodash-4.17.11.tgz#b39ea6229ef607ecd89e2c8df12536891cac9b8d"
  integrity sha512-cQKh8igo5QUhZ7lg38DYWAxMvjSAKG0A8wGSVimP07SIUEK2UO+arSRKbRZWtelMtN5V0Hkwh5ryOto/SshYIg==

loose-envify@^1.0.0, loose-envify@^1.1.0, loose-envify@^1.2.0, loose-envify@^1.3.1, loose-envify@^1.4.0:
  version "1.4.0"
  resolved "https://registry.yarnpkg.com/loose-envify/-/loose-envify-1.4.0.tgz#71ee51fa7be4caec1a63839f7e682d8132d30caf"
  integrity sha512-lyuxPGr/Wfhrlem2CL/UcnUc1zcqKAImBDzukY7Y5F/yQiNdko6+fRLevlw1HgMySw7f611UIY408EtxRSoK3Q==
  dependencies:
    js-tokens "^3.0.0 || ^4.0.0"

lru-cache@^4.0.1:
  version "4.1.5"
  resolved "https://registry.yarnpkg.com/lru-cache/-/lru-cache-4.1.5.tgz#8bbe50ea85bed59bc9e33dcab8235ee9bcf443cd"
  integrity sha512-sWZlbEP2OsHNkXrMl5GYk/jKk70MBng6UU4YI/qGDYbgf6YbP4EvmqISbXCoJiRKs+1bSpFHVgQxvJ17F2li5g==
  dependencies:
    pseudomap "^1.0.2"
    yallist "^2.1.2"

marked@^0.3.17:
  version "0.3.19"
  resolved "https://registry.yarnpkg.com/marked/-/marked-0.3.19.tgz#5d47f709c4c9fc3c216b6d46127280f40b39d790"
  integrity sha512-ea2eGWOqNxPcXv8dyERdSr/6FmzvWwzjMxpfGB/sbMccXoct+xY+YukPD+QTUZwyvK7BZwcr4m21WBOW41pAkg==

mri@^1.1.0:
  version "1.1.1"
  resolved "https://registry.yarnpkg.com/mri/-/mri-1.1.1.tgz#85aa26d3daeeeedf80dc5984af95cc5ca5cad9f1"
  integrity sha1-haom09ru7t+A3FmEr5XMXKXK2fE=

nice-try@^1.0.4:
  version "1.0.5"
  resolved "https://registry.yarnpkg.com/nice-try/-/nice-try-1.0.5.tgz#a3378a7696ce7d223e88fc9b764bd7ef1089e366"
  integrity sha512-1nh45deeb5olNY7eX82BkPO7SSxR5SSYJiPTrTdFUVYwAl8CKMA5N9PjTYkHiRjisVcxcQ1HXdLhx2qxxJzLNQ==

node-fetch@^1.0.1:
  version "1.7.3"
  resolved "https://registry.yarnpkg.com/node-fetch/-/node-fetch-1.7.3.tgz#980f6f72d85211a5347c6b2bc18c5b84c3eb47ef"
  integrity sha512-NhZ4CsKx7cYm2vSrBAr2PvFOe6sWDf0UYLRqA6svUYg7+/TSfVAu49jYC4BvQ4Sms9SZgdqGBgroqfDhJdTyKQ==
  dependencies:
    encoding "^0.1.11"
    is-stream "^1.0.1"

normalize-package-data@^2.3.2:
  version "2.4.0"
  resolved "https://registry.yarnpkg.com/normalize-package-data/-/normalize-package-data-2.4.0.tgz#12f95a307d58352075a04907b84ac8be98ac012f"
  integrity sha512-9jjUFbTPfEy3R/ad/2oNbKtW9Hgovl5O1FvFWKkKblNXoN/Oou6+9+KKohPK13Yc3/TyunyWhJp6gvRNR/PPAw==
  dependencies:
    hosted-git-info "^2.1.4"
    is-builtin-module "^1.0.0"
    semver "2 || 3 || 4 || 5"
    validate-npm-package-license "^3.0.1"

npm-run-path@^2.0.0:
  version "2.0.2"
  resolved "https://registry.yarnpkg.com/npm-run-path/-/npm-run-path-2.0.2.tgz#35a9232dfa35d7067b4cb2ddf2357b1871536c5f"
  integrity sha1-NakjLfo11wZ7TLLd8jV7GHFTbF8=
  dependencies:
    path-key "^2.0.0"

object-assign@^4.1.0, object-assign@^4.1.1:
  version "4.1.1"
  resolved "https://registry.yarnpkg.com/object-assign/-/object-assign-4.1.1.tgz#2109adc7965887cfc05cbbd442cac8bfbb360863"
  integrity sha1-IQmtx5ZYh8/AXLvUQsrIv7s2CGM=

once@^1.3.1, once@^1.4.0:
  version "1.4.0"
  resolved "https://registry.yarnpkg.com/once/-/once-1.4.0.tgz#583b1aa775961d4b113ac17d9c50baef9dd76bd1"
  integrity sha1-WDsap3WWHUsROsF9nFC6753Xa9E=
  dependencies:
    wrappy "1"

p-finally@^1.0.0:
  version "1.0.0"
  resolved "https://registry.yarnpkg.com/p-finally/-/p-finally-1.0.0.tgz#3fbcfb15b899a44123b34b6dcc18b724336a2cae"
  integrity sha1-P7z7FbiZpEEjs0ttzBi3JDNqLK4=

p-limit@^1.1.0:
  version "1.3.0"
  resolved "https://registry.yarnpkg.com/p-limit/-/p-limit-1.3.0.tgz#b86bd5f0c25690911c7590fcbfc2010d54b3ccb8"
  integrity sha512-vvcXsLAJ9Dr5rQOPk7toZQZJApBl2K4J6dANSsEuh6QI41JYcsS/qhTGa9ErIUUgK3WNQoJYvylxvjqmiqEA9Q==
  dependencies:
    p-try "^1.0.0"

p-limit@^2.0.0:
  version "2.0.0"
  resolved "https://registry.yarnpkg.com/p-limit/-/p-limit-2.0.0.tgz#e624ed54ee8c460a778b3c9f3670496ff8a57aec"
  integrity sha512-fl5s52lI5ahKCernzzIyAP0QAZbGIovtVHGwpcu1Jr/EpzLVDI2myISHwGqK7m8uQFugVWSrbxH7XnhGtvEc+A==
  dependencies:
    p-try "^2.0.0"

p-locate@^2.0.0:
  version "2.0.0"
  resolved "https://registry.yarnpkg.com/p-locate/-/p-locate-2.0.0.tgz#20a0103b222a70c8fd39cc2e580680f3dde5ec43"
  integrity sha1-IKAQOyIqcMj9OcwuWAaA893l7EM=
  dependencies:
    p-limit "^1.1.0"

p-locate@^3.0.0:
  version "3.0.0"
  resolved "https://registry.yarnpkg.com/p-locate/-/p-locate-3.0.0.tgz#322d69a05c0264b25997d9f40cd8a891ab0064a4"
  integrity sha512-x+12w/To+4GFfgJhBEpiDcLozRJGegY+Ei7/z0tSLkMmxGZNybVMSfWj9aJn8Z5Fc7dBUNJOOVgPv2H7IwulSQ==
  dependencies:
    p-limit "^2.0.0"

p-try@^1.0.0:
  version "1.0.0"
  resolved "https://registry.yarnpkg.com/p-try/-/p-try-1.0.0.tgz#cbc79cdbaf8fd4228e13f621f2b1a237c1b207b3"
  integrity sha1-y8ec26+P1CKOE/Yh8rGiN8GyB7M=

p-try@^2.0.0:
  version "2.0.0"
  resolved "https://registry.yarnpkg.com/p-try/-/p-try-2.0.0.tgz#85080bb87c64688fa47996fe8f7dfbe8211760b1"
  integrity sha512-hMp0onDKIajHfIkdRk3P4CdCmErkYAxxDtP3Wx/4nZ3aGlau2VKh3mZpcuFkH27WQkL/3WBCPOktzA9ZOAnMQQ==

parse-json@^4.0.0:
  version "4.0.0"
  resolved "https://registry.yarnpkg.com/parse-json/-/parse-json-4.0.0.tgz#be35f5425be1f7f6c747184f98a788cb99477ee0"
  integrity sha1-vjX1Qlvh9/bHRxhPmKeIy5lHfuA=
  dependencies:
    error-ex "^1.3.1"
    json-parse-better-errors "^1.0.1"

path-exists@^3.0.0:
  version "3.0.0"
  resolved "https://registry.yarnpkg.com/path-exists/-/path-exists-3.0.0.tgz#ce0ebeaa5f78cb18925ea7d810d7b59b010fd515"
  integrity sha1-zg6+ql94yxiSXqfYENe1mwEP1RU=

path-key@^2.0.0, path-key@^2.0.1:
  version "2.0.1"
  resolved "https://registry.yarnpkg.com/path-key/-/path-key-2.0.1.tgz#411cadb574c5a140d3a4b1910d40d80cc9f40b40"
  integrity sha1-QRyttXTFoUDTpLGRDUDYDMn0C0A=

path-to-regexp@^1.7.0:
  version "1.7.0"
  resolved "https://registry.yarnpkg.com/path-to-regexp/-/path-to-regexp-1.7.0.tgz#59fde0f435badacba103a84e9d3bc64e96b9937d"
  integrity sha1-Wf3g9DW62suhA6hOnTvGTpa5k30=
  dependencies:
    isarray "0.0.1"

pify@^3.0.0:
  version "3.0.0"
  resolved "https://registry.yarnpkg.com/pify/-/pify-3.0.0.tgz#e5a4acd2c101fdf3d9a4d07f0dbc4db49dd28176"
  integrity sha1-5aSs0sEB/fPZpNB/DbxNtJ3SgXY=

pkg-dir@^3.0.0:
  version "3.0.0"
  resolved "https://registry.yarnpkg.com/pkg-dir/-/pkg-dir-3.0.0.tgz#2749020f239ed990881b1f71210d51eb6523bea3"
  integrity sha512-/E57AYkoeQ25qkxMj5PBOVgF8Kiu/h7cYS30Z5+R7WaiCCBfLq58ZI/dSeaEKb9WVJV5n/03QwrN3IeWIFllvw==
  dependencies:
    find-up "^3.0.0"

please-upgrade-node@^3.1.1:
  version "3.1.1"
  resolved "https://registry.yarnpkg.com/please-upgrade-node/-/please-upgrade-node-3.1.1.tgz#ed320051dfcc5024fae696712c8288993595e8ac"
  integrity sha512-KY1uHnQ2NlQHqIJQpnh/i54rKkuxCEBx+voJIS/Mvb+L2iYd2NMotwduhKTMjfC1uKoX3VXOxLjIYG66dfJTVQ==
  dependencies:
    semver-compare "^1.0.0"

prettier@1.9.2:
  version "1.9.2"
  resolved "https://registry.yarnpkg.com/prettier/-/prettier-1.9.2.tgz#96bc2132f7a32338e6078aeb29727178c6335827"
  integrity sha512-piXx9N2WT8hWb7PBbX1glAuJVIkEyUV9F5fMXFINpZ0x3otVOFKKeGmeuiclFJlP/UrgTckyV606VjH2rNK4bw==

pretty-quick@^1.8.0:
  version "1.8.0"
  resolved "https://registry.yarnpkg.com/pretty-quick/-/pretty-quick-1.8.0.tgz#067ebe744ddb4e1ed4e1ee1af9648815121f78fc"
  integrity sha512-qV25sQF/ivJpdZ5efwemQYkQJa7sp3HqT/Vf/7z5vGYMcq1VrT2lDpFKAxJPf6219N1YAdR8mGkIhPAZ1odTmQ==
  dependencies:
    chalk "^2.3.0"
    execa "^0.8.0"
    find-up "^2.1.0"
    ignore "^3.3.7"
    mri "^1.1.0"

promise@^7.1.1:
  version "7.3.1"
  resolved "https://registry.yarnpkg.com/promise/-/promise-7.3.1.tgz#064b72602b18f90f29192b8b1bc418ffd1ebd3bf"
  integrity sha512-nolQXZ/4L+bP/UGlkfaIujX9BKxGwmQ9OT4mOt5yvy8iK1h3wqTEJCijzGANTCCl9nWjY41juyAn2K3Q1hLLTg==
  dependencies:
    asap "~2.0.3"

prop-types-extra@^1.0.1:
  version "1.1.0"
  resolved "https://registry.yarnpkg.com/prop-types-extra/-/prop-types-extra-1.1.0.tgz#32609910ea2dcf190366bacd3490d5a6412a605f"
  integrity sha512-QFyuDxvMipmIVKD2TwxLVPzMnO4e5oOf1vr3tJIomL8E7d0lr6phTHd5nkPhFIzTD1idBLLEPeylL9g+rrTzRg==
  dependencies:
    react-is "^16.3.2"
    warning "^3.0.0"

prop-types@^15.5.7, prop-types@^15.6.1, prop-types@^15.6.2:
  version "15.6.2"
  resolved "https://registry.yarnpkg.com/prop-types/-/prop-types-15.6.2.tgz#05d5ca77b4453e985d60fc7ff8c859094a497102"
  integrity sha512-3pboPvLiWD7dkI3qf3KbUe6hKFKa52w+AE0VCqECtf+QHAKgOL37tTaNCnuX1nAAQ4ZhyP+kYVKf8rLmJ/feDQ==
  dependencies:
    loose-envify "^1.3.1"
    object-assign "^4.1.1"

pseudomap@^1.0.2:
  version "1.0.2"
  resolved "https://registry.yarnpkg.com/pseudomap/-/pseudomap-1.0.2.tgz#f052a28da70e618917ef0a8ac34c1ae5a68286b3"
  integrity sha1-8FKijacOYYkX7wqKw0wa5aaChrM=

pump@^3.0.0:
  version "3.0.0"
  resolved "https://registry.yarnpkg.com/pump/-/pump-3.0.0.tgz#b4a2116815bde2f4e1ea602354e8c75565107a64"
  integrity sha512-LwZy+p3SFs1Pytd/jYct4wpv49HiYCqd9Rlc5ZVdk0V+8Yzv6jR5Blk3TRmPL1ft69TxP0IMZGJ+WPFU2BFhww==
  dependencies:
    end-of-stream "^1.1.0"
    once "^1.3.1"

react-addons-shallow-compare@^15.6.2:
  version "15.6.2"
  resolved "https://registry.yarnpkg.com/react-addons-shallow-compare/-/react-addons-shallow-compare-15.6.2.tgz#198a00b91fc37623db64a28fd17b596ba362702f"
  integrity sha1-GYoAuR/DdiPbZKKP0XtZa6NicC8=
  dependencies:
    fbjs "^0.8.4"
    object-assign "^4.1.0"

react-component-managers@^3.1.0:
  version "3.2.2"
  resolved "https://registry.yarnpkg.com/react-component-managers/-/react-component-managers-3.2.2.tgz#b02a965465a32118ffc967f59730618370432412"
  integrity sha512-SqtB09hS1ir0koBNybvNbNAB3k/r7IbIGbXSxvkkTV0m50s+4oJ59KYsbPAQ/2DhE169Rc5V26d674EcGcDbGA==
  dependencies:
    prop-types "^15.6.1"
    spy-on-component "^1.1.0"

react-dropzone@4.1.3:
  version "4.1.3"
  resolved "https://registry.yarnpkg.com/react-dropzone/-/react-dropzone-4.1.3.tgz#25a0292c994541158d38155d08bb96e0aa5b83b2"
  integrity sha512-AmVy1hSZ/BELkr1Pta8n+zFBfR7nZugU/hlyjauooozcBdL+d6xUMV/5xSQE/qxkKjPC7wtE/XPJUv54gLsezA==
  dependencies:
    attr-accept "^1.0.3"
    prop-types "^15.5.7"

react-is@^16.3.2, react-is@^16.6.0:
  version "16.6.3"
  resolved "https://registry.yarnpkg.com/react-is/-/react-is-16.6.3.tgz#d2d7462fcfcbe6ec0da56ad69047e47e56e7eac0"
  integrity sha512-u7FDWtthB4rWibG/+mFbVd5FvdI20yde86qKGx4lVUTWmPlSWQ4QxbBIrrs+HnXGbxOUlUzTAP/VDmvCwaP2yA==

react-lifecycles-compat@^3.0.0, react-lifecycles-compat@^3.0.4:
  version "3.0.4"
  resolved "https://registry.yarnpkg.com/react-lifecycles-compat/-/react-lifecycles-compat-3.0.4.tgz#4f1a273afdfc8f3488a8c516bfda78f872352362"
  integrity sha512-fBASbA6LnOU9dOU2eW7aQ8xmYBSXUIWr+UmF9b1efZBazGNO+rcXT/icdKnYm2pTwcRylVUYwW7H1PHfLekVzA==

react-redux@^5.0.6:
  version "5.1.1"
  resolved "https://registry.yarnpkg.com/react-redux/-/react-redux-5.1.1.tgz#88e368682c7fa80e34e055cd7ac56f5936b0f52f"
  integrity sha512-LE7Ned+cv5qe7tMV5BPYkGQ5Lpg8gzgItK07c67yHvJ8t0iaD9kPFPAli/mYkiyJYrs2pJgExR2ZgsGqlrOApg==
  dependencies:
    "@babel/runtime" "^7.1.2"
    hoist-non-react-statics "^3.1.0"
    invariant "^2.2.4"
    loose-envify "^1.1.0"
    prop-types "^15.6.1"
    react-is "^16.6.0"
    react-lifecycles-compat "^3.0.0"

react-router-dom@4.3.1:
  version "4.3.1"
  resolved "https://registry.yarnpkg.com/react-router-dom/-/react-router-dom-4.3.1.tgz#4c2619fc24c4fa87c9fd18f4fb4a43fe63fbd5c6"
  integrity sha512-c/MlywfxDdCp7EnB7YfPMOfMD3tOtIjrQlj/CKfNMBxdmpJP8xcz5P/UAFn3JbnQCNUxsHyVVqllF9LhgVyFCA==
  dependencies:
    history "^4.7.2"
    invariant "^2.2.4"
    loose-envify "^1.3.1"
    prop-types "^15.6.1"
    react-router "^4.3.1"
    warning "^4.0.1"

react-router@^4.3.1:
  version "4.3.1"
  resolved "https://registry.yarnpkg.com/react-router/-/react-router-4.3.1.tgz#aada4aef14c809cb2e686b05cee4742234506c4e"
  integrity sha512-yrvL8AogDh2X42Dt9iknk4wF4V8bWREPirFfS9gLU1huk6qK41sg7Z/1S81jjTrGHxa3B8R3J6xIkDAA6CVarg==
  dependencies:
    history "^4.7.2"
    hoist-non-react-statics "^2.5.0"
    invariant "^2.2.4"
    loose-envify "^1.3.1"
    path-to-regexp "^1.7.0"
    prop-types "^15.6.1"
    warning "^4.0.1"

react-transition-group@^2.4.0:
  version "2.5.1"
  resolved "https://registry.yarnpkg.com/react-transition-group/-/react-transition-group-2.5.1.tgz#67fbd8d30ebb1c57a149d554dbb82eabefa61f0d"
  integrity sha512-8x/CxUL9SjYFmUdzsBPTgtKeCxt7QArjNSte0wwiLtF/Ix/o1nWNJooNy5o9XbHIKS31pz7J5VF2l41TwlvbHQ==
  dependencies:
    dom-helpers "^3.3.1"
    loose-envify "^1.4.0"
    prop-types "^15.6.2"
    react-lifecycles-compat "^3.0.4"

react-widgets@^4.0.3:
  version "4.4.8"
  resolved "https://registry.yarnpkg.com/react-widgets/-/react-widgets-4.4.8.tgz#01410e81b0fd4b8bd1867cb2b4844979c190f603"
  integrity sha512-F8OJR94DfeTxgA9SmiINrnOGWT4FICjK2ZpjtL9uW6CBf5oognSAxogmsmQWVask4/6fBKlOD7IUA0dfxCGGrw==
  dependencies:
    classnames "^2.2.6"
    date-arithmetic "^3.1.0"
    dom-helpers "^3.3.1"
    invariant "^2.2.4"
    prop-types-extra "^1.0.1"
    react-component-managers "^3.1.0"
    react-lifecycles-compat "^3.0.4"
    react-transition-group "^2.4.0"
    uncontrollable "^5.0.0"
    warning "^3.0.0"

read-pkg@^4.0.1:
  version "4.0.1"
  resolved "https://registry.yarnpkg.com/read-pkg/-/read-pkg-4.0.1.tgz#963625378f3e1c4d48c85872b5a6ec7d5d093237"
  integrity sha1-ljYlN48+HE1IyFhytabsfV0JMjc=
  dependencies:
    normalize-package-data "^2.3.2"
    parse-json "^4.0.0"
    pify "^3.0.0"

redux-mock-store@^1.1.4:
  version "1.5.3"
  resolved "https://registry.yarnpkg.com/redux-mock-store/-/redux-mock-store-1.5.3.tgz#1f10528949b7ce8056c2532624f7cafa98576c6d"
  integrity sha512-ryhkkb/4D4CUGpAV2ln1GOY/uh51aczjcRz9k2L2bPx/Xja3c5pSGJJPyR25GNVRXtKIExScdAgFdiXp68GmJA==
  dependencies:
    lodash.isplainobject "^4.0.6"

redux@^3.6.0:
  version "3.7.2"
  resolved "https://registry.yarnpkg.com/redux/-/redux-3.7.2.tgz#06b73123215901d25d065be342eb026bc1c8537b"
  integrity sha512-pNqnf9q1hI5HHZRBkj3bAngGZW/JMCmexDlOxw4XagXY2o1327nHH54LoTjiPJ0gizoqPDRqWyX/00g0hD6w+A==
  dependencies:
    lodash "^4.2.1"
    lodash-es "^4.2.1"
    loose-envify "^1.1.0"
    symbol-observable "^1.0.3"

regenerator-runtime@^0.12.0:
  version "0.12.1"
  resolved "https://registry.yarnpkg.com/regenerator-runtime/-/regenerator-runtime-0.12.1.tgz#fa1a71544764c036f8c49b13a08b2594c9f8a0de"
  integrity sha512-odxIc1/vDlo4iZcfXqRYFj0vpXFNoGdKMAUieAlFYO6m/nl5e9KR/beGf41z4a1FI+aQgtjhuaSlDxQ0hmkrHg==

resolve-from@^3.0.0:
  version "3.0.0"
  resolved "https://registry.yarnpkg.com/resolve-from/-/resolve-from-3.0.0.tgz#b22c7af7d9d6881bc8b6e653335eebcb0a188748"
  integrity sha1-six699nWiBvItuZTM17rywoYh0g=

resolve-pathname@^2.2.0:
  version "2.2.0"
  resolved "https://registry.yarnpkg.com/resolve-pathname/-/resolve-pathname-2.2.0.tgz#7e9ae21ed815fd63ab189adeee64dc831eefa879"
  integrity sha512-bAFz9ld18RzJfddgrO2e/0S2O81710++chRMUxHjXOYKF6jTAMrUNZrEZ1PvV0zlhfjidm08iRPdTLPno1FuRg==

run-node@^1.0.0:
  version "1.0.0"
  resolved "https://registry.yarnpkg.com/run-node/-/run-node-1.0.0.tgz#46b50b946a2aa2d4947ae1d886e9856fd9cabe5e"
  integrity sha512-kc120TBlQ3mih1LSzdAJXo4xn/GWS2ec0l3S+syHDXP9uRr0JAT8Qd3mdMuyjqCzeZktgP3try92cEgf9Nks8A==

"safer-buffer@>= 2.1.2 < 3":
  version "2.1.2"
  resolved "https://registry.yarnpkg.com/safer-buffer/-/safer-buffer-2.1.2.tgz#44fa161b0187b9549dd84bb91802f9bd8385cd6a"
  integrity sha512-YZo3K82SD7Riyi0E1EQPojLz7kpepnSQI9IyPbHHg1XXXevb5dJI7tpyN2ADxGcQbHG7vcyRHk0cbwqcQriUtg==

semver-compare@^1.0.0:
  version "1.0.0"
  resolved "https://registry.yarnpkg.com/semver-compare/-/semver-compare-1.0.0.tgz#0dee216a1c941ab37e9efb1788f6afc5ff5537fc"
  integrity sha1-De4hahyUGrN+nvsXiPavxf9VN/w=

"semver@2 || 3 || 4 || 5", semver@^5.5.0:
  version "5.6.0"
  resolved "https://registry.yarnpkg.com/semver/-/semver-5.6.0.tgz#7e74256fbaa49c75aa7c7a205cc22799cac80004"
  integrity sha512-RS9R6R35NYgQn++fkDWaOmqGoj4Ek9gGs+DPxNUZKuwE183xjJroKvyo1IzVFeXvUrvmALy6FWD5xrdJT25gMg==

setimmediate@^1.0.5:
  version "1.0.5"
  resolved "https://registry.yarnpkg.com/setimmediate/-/setimmediate-1.0.5.tgz#290cbb232e306942d7d7ea9b83732ab7856f8285"
  integrity sha1-KQy7Iy4waULX1+qbg3Mqt4VvgoU=

shebang-command@^1.2.0:
  version "1.2.0"
  resolved "https://registry.yarnpkg.com/shebang-command/-/shebang-command-1.2.0.tgz#44aac65b695b03398968c39f363fee5deafdf1ea"
  integrity sha1-RKrGW2lbAzmJaMOfNj/uXer98eo=
  dependencies:
    shebang-regex "^1.0.0"

shebang-regex@^1.0.0:
  version "1.0.0"
  resolved "https://registry.yarnpkg.com/shebang-regex/-/shebang-regex-1.0.0.tgz#da42f49740c0b42db2ca9728571cb190c98efea3"
  integrity sha1-2kL0l0DAtC2yypcoVxyxkMmO/qM=

signal-exit@^3.0.0:
  version "3.0.2"
  resolved "https://registry.yarnpkg.com/signal-exit/-/signal-exit-3.0.2.tgz#b5fdc08f1287ea1178628e415e25132b73646c6d"
  integrity sha1-tf3AjxKH6hF4Yo5BXiUTK3NkbG0=

slash@^2.0.0:
  version "2.0.0"
  resolved "https://registry.yarnpkg.com/slash/-/slash-2.0.0.tgz#de552851a1759df3a8f206535442f5ec4ddeab44"
  integrity sha512-ZYKh3Wh2z1PpEXWr0MpSBZ0V6mZHAQfYevttO11c51CaWjGTaadiKZ+wVt1PbMlDV5qhMFslpZCemhwOK7C89A==

spdx-correct@^3.0.0:
  version "3.1.0"
  resolved "https://registry.yarnpkg.com/spdx-correct/-/spdx-correct-3.1.0.tgz#fb83e504445268f154b074e218c87c003cd31df4"
  integrity sha512-lr2EZCctC2BNR7j7WzJ2FpDznxky1sjfxvvYEyzxNyb6lZXHODmEoJeFu4JupYlkfha1KZpJyoqiJ7pgA1qq8Q==
  dependencies:
    spdx-expression-parse "^3.0.0"
    spdx-license-ids "^3.0.0"

spdx-exceptions@^2.1.0:
  version "2.2.0"
  resolved "https://registry.yarnpkg.com/spdx-exceptions/-/spdx-exceptions-2.2.0.tgz#2ea450aee74f2a89bfb94519c07fcd6f41322977"
  integrity sha512-2XQACfElKi9SlVb1CYadKDXvoajPgBVPn/gOQLrTvHdElaVhr7ZEbqJaRnJLVNeaI4cMEAgVCeBMKF6MWRDCRA==

spdx-expression-parse@^3.0.0:
  version "3.0.0"
  resolved "https://registry.yarnpkg.com/spdx-expression-parse/-/spdx-expression-parse-3.0.0.tgz#99e119b7a5da00e05491c9fa338b7904823b41d0"
  integrity sha512-Yg6D3XpRD4kkOmTpdgbUiEJFKghJH03fiC1OPll5h/0sO6neh2jqRDVHOQ4o/LMea0tgCkbMgea5ip/e+MkWyg==
  dependencies:
    spdx-exceptions "^2.1.0"
    spdx-license-ids "^3.0.0"

spdx-license-ids@^3.0.0:
  version "3.0.2"
  resolved "https://registry.yarnpkg.com/spdx-license-ids/-/spdx-license-ids-3.0.2.tgz#a59efc09784c2a5bada13cfeaf5c75dd214044d2"
  integrity sha512-qky9CVt0lVIECkEsYbNILVnPvycuEBkXoMFLRWsREkomQLevYhtRKC+R91a5TOAQ3bCMjikRwhyaRqj1VYatYg==

sprintf-js@~1.0.2:
  version "1.0.3"
  resolved "https://registry.yarnpkg.com/sprintf-js/-/sprintf-js-1.0.3.tgz#04e6926f662895354f3dd015203633b857297e2c"
  integrity sha1-BOaSb2YolTVPPdAVIDYzuFcpfiw=

spy-on-component@^1.1.0:
  version "1.1.2"
  resolved "https://registry.yarnpkg.com/spy-on-component/-/spy-on-component-1.1.2.tgz#70cec3a0b87dfb9d5356e288135fd349d138d407"
  integrity sha512-ndyPLiqAPcDETg2VO0TM35uq6kLKvhss2ILBV+jfXZz55lRk5zphmbrHKwwIu9++n56+56KLbY/zhJnPF6Yqyg==

strip-eof@^1.0.0:
  version "1.0.0"
  resolved "https://registry.yarnpkg.com/strip-eof/-/strip-eof-1.0.0.tgz#bb43ff5598a6eb05d89b59fcd129c983313606bf"
  integrity sha1-u0P/VZim6wXYm1n80SnJgzE2Br8=

supports-color@^5.3.0:
  version "5.5.0"
  resolved "https://registry.yarnpkg.com/supports-color/-/supports-color-5.5.0.tgz#e2e69a44ac8772f78a1ec0b35b689df6530efc8f"
  integrity sha512-QjVjwdXIt408MIiAqCX4oUKsgU2EqAGzs2Ppkm4aQYbjm+ZEWEcW4SfFNTr4uMNZma0ey4f5lgLrkB0aX0QMow==
  dependencies:
    has-flag "^3.0.0"

symbol-observable@^1.0.3:
  version "1.2.0"
  resolved "https://registry.yarnpkg.com/symbol-observable/-/symbol-observable-1.2.0.tgz#c22688aed4eab3cdc2dfeacbb561660560a00804"
  integrity sha512-e900nM8RRtGhlV36KGEU9k65K3mPb1WV70OdjfxlG2EAuM1noi/E/BaW/uMhL7bPEssK8QV57vN3esixjUvcXQ==

type-detect@0.1.1:
  version "0.1.1"
  resolved "https://registry.yarnpkg.com/type-detect/-/type-detect-0.1.1.tgz#0ba5ec2a885640e470ea4e8505971900dac58822"
  integrity sha1-C6XsKohWQORw6k6FBZcZANrFiCI=

type-detect@^1.0.0:
  version "1.0.0"
  resolved "https://registry.yarnpkg.com/type-detect/-/type-detect-1.0.0.tgz#762217cc06db258ec48908a1298e8b95121e8ea2"
  integrity sha1-diIXzAbbJY7EiQihKY6LlRIejqI=

ua-parser-js@^0.7.18:
  version "0.7.19"
  resolved "https://registry.yarnpkg.com/ua-parser-js/-/ua-parser-js-0.7.19.tgz#94151be4c0a7fb1d001af7022fdaca4642659e4b"
  integrity sha512-T3PVJ6uz8i0HzPxOF9SWzWAlfN/DavlpQqepn22xgve/5QecC+XMCAtmUNnY7C9StehaV6exjUCI801lOI7QlQ==

uncontrollable@^5.0.0:
  version "5.1.0"
  resolved "https://registry.yarnpkg.com/uncontrollable/-/uncontrollable-5.1.0.tgz#7e9a1c50ea24e3c78b625e52d21ff3f758c7bd59"
  integrity sha512-5FXYaFANKaafg4IVZXUNtGyzsnYEvqlr9wQ3WpZxFpEUxl29A3H6Q4G1Dnnorvq9TGOGATBApWR4YpLAh+F5hw==
  dependencies:
    invariant "^2.2.4"

uuid@2.0.3:
  version "2.0.3"
  resolved "https://registry.yarnpkg.com/uuid/-/uuid-2.0.3.tgz#67e2e863797215530dff318e5bf9dcebfd47b21a"
  integrity sha1-Z+LoY3lyFVMN/zGOW/nc6/1Hsho=

uuid@^3.3.2:
  version "3.3.2"
  resolved "https://registry.yarnpkg.com/uuid/-/uuid-3.3.2.tgz#1b4af4955eb3077c501c23872fc6513811587131"
  integrity sha512-yXJmeNaw3DnnKAOKJE51sL/ZaYfWJRl1pK9dr19YFCu0ObS231AB1/LbqTKRAQ5kw8A90rA6fr4riOUpTZvQZA==

validate-npm-package-license@^3.0.1:
  version "3.0.4"
  resolved "https://registry.yarnpkg.com/validate-npm-package-license/-/validate-npm-package-license-3.0.4.tgz#fc91f6b9c7ba15c857f4cb2c5defeec39d4f410a"
  integrity sha512-DpKm2Ui/xN7/HQKCtpZxoRWBhZ9Z0kqtygG8XCgNQ8ZlDnxuQmWhj566j8fN4Cu3/JmbhsDo7fcAJq4s9h27Ew==
  dependencies:
    spdx-correct "^3.0.0"
    spdx-expression-parse "^3.0.0"

value-equal@^0.4.0:
  version "0.4.0"
  resolved "https://registry.yarnpkg.com/value-equal/-/value-equal-0.4.0.tgz#c5bdd2f54ee093c04839d71ce2e4758a6890abc7"
  integrity sha512-x+cYdNnaA3CxvMaTX0INdTCN8m8aF2uY9BvEqmxuYp8bL09cs/kWVQPVGcA35fMktdOsP69IgU7wFj/61dJHEw==

warning@^3.0.0:
  version "3.0.0"
  resolved "https://registry.yarnpkg.com/warning/-/warning-3.0.0.tgz#32e5377cb572de4ab04753bdf8821c01ed605b7c"
  integrity sha1-MuU3fLVy3kqwR1O9+IIcAe1gW3w=
  dependencies:
    loose-envify "^1.0.0"

warning@^4.0.1:
  version "4.0.2"
  resolved "https://registry.yarnpkg.com/warning/-/warning-4.0.2.tgz#aa6876480872116fa3e11d434b0d0d8d91e44607"
  integrity sha512-wbTp09q/9C+jJn4KKJfJfoS6VleK/Dti0yqWSm6KMvJ4MRCXFQNapHuJXutJIrWV0Cf4AhTdeIe4qdKHR1+Hug==
  dependencies:
    loose-envify "^1.0.0"

whatwg-fetch@>=0.10.0:
  version "3.0.0"
  resolved "https://registry.yarnpkg.com/whatwg-fetch/-/whatwg-fetch-3.0.0.tgz#fc804e458cc460009b1a2b966bc8817d2578aefb"
  integrity sha512-9GSJUgz1D4MfyKU7KRqwOjXCXTqWdFNvEr7eUBYchQiVc744mqK/MzXPNR2WsPkmkOa4ywfg8C2n8h+13Bey1Q==

which@^1.2.9:
  version "1.3.1"
  resolved "https://registry.yarnpkg.com/which/-/which-1.3.1.tgz#a45043d54f5805316da8d62f9f50918d3da70b0a"
  integrity sha512-HxJdYWq1MTIQbJ3nw0cqssHoTNU267KlrDuGZ1WYlxDStUtKUhOaJmh112/TZmHxxUfuJqPXSOm7tDyas0OSIQ==
  dependencies:
    isexe "^2.0.0"

wrappy@1:
  version "1.0.2"
  resolved "https://registry.yarnpkg.com/wrappy/-/wrappy-1.0.2.tgz#b5243d8f3ec1aa35f1364605bc0d1036e30ab69f"
  integrity sha1-tSQ9jz7BqjXxNkYFvA0QNuMKtp8=

yallist@^2.1.2:
  version "2.1.2"
  resolved "https://registry.yarnpkg.com/yallist/-/yallist-2.1.2.tgz#1c11f9218f076089a47dd512f93c6699a6a81d52"
  integrity sha1-HBH5IY8HYImkfdUS+TxmmaaoHVI=
